
Microsoft Visual Studio Solution File, Format Version 12.00
# Visual Studio Version 17
VisualStudioVersion = 17.12.35527.113 d17.12
MinimumVisualStudioVersion = 10.0.40219.1
Project("{FAE04EC0-301F-11D3-BF4B-00C04F79EFBC}") = "ProductCatalog.API", "ProductCatalog.API\ProductCatalog.API.csproj", "{BFFC1FD9-ED7B-44C1-AAF5-F2FCA93452C0}"
EndProject
Project("{FAE04EC0-301F-11D3-BF4B-00C04F79EFBC}") = "ProductCatalog.Entities", "ProductCatalog.Entities\ProductCatalog.Entities.csproj", "{AC524753-A8D3-4C66-A4C7-763252C46899}"
EndProject
Project("{FAE04EC0-301F-11D3-BF4B-00C04F79EFBC}") = "ProductCatalog.DataAccess", "ProductCatalog.DataAccess\ProductCatalog.DataAccess.csproj", "{DA88980A-7AE0-498A-ACBD-D3310A57109D}"
EndProject
Project("{FAE04EC0-301F-11D3-BF4B-00C04F79EFBC}") = "ProductCatalog.Business", "ProductCatalog.Business\ProductCatalog.Business.csproj", "{B344E178-81C7-4D33-B9AA-519C802AA81E}"
EndProject
Global
	GlobalSection(SolutionConfigurationPlatforms) = preSolution
		Debug|Any CPU = Debug|Any CPU
		Release|Any CPU = Release|Any CPU
	EndGlobalSection
	GlobalSection(ProjectConfigurationPlatforms) = postSolution
		{BFFC1FD9-ED7B-44C1-AAF5-F2FCA93452C0}.Debug|Any CPU.ActiveCfg = Debug|Any CPU
		{BFFC1FD9-ED7B-44C1-AAF5-F2FCA93452C0}.Debug|Any CPU.Build.0 = Debug|Any CPU
		{BFFC1FD9-ED7B-44C1-AAF5-F2FCA93452C0}.Release|Any CPU.ActiveCfg = Release|Any CPU
		{BFFC1FD9-ED7B-44C1-AAF5-F2FCA93452C0}.Release|Any CPU.Build.0 = Release|Any CPU
		{AC524753-A8D3-4C66-A4C7-763252C46899}.Debug|Any CPU.ActiveCfg = Debug|Any CPU
		{AC524753-A8D3-4C66-A4C7-763252C46899}.Debug|Any CPU.Build.0 = Debug|Any CPU
		{AC524753-A8D3-4C66-A4C7-763252C46899}.Release|Any CPU.ActiveCfg = Release|Any CPU
		{AC524753-A8D3-4C66-A4C7-763252C46899}.Release|Any CPU.Build.0 = Release|Any CPU
		{DA88980A-7AE0-498A-ACBD-D3310A57109D}.Debug|Any CPU.ActiveCfg = Debug|Any CPU
		{DA88980A-7AE0-498A-ACBD-D3310A57109D}.Debug|Any CPU.Build.0 = Debug|Any CPU
		{DA88980A-7AE0-498A-ACBD-D3310A57109D}.Release|Any CPU.ActiveCfg = Release|Any CPU
		{DA88980A-7AE0-498A-ACBD-D3310A57109D}.Release|Any CPU.Build.0 = Release|Any CPU
		{B344E178-81C7-4D33-B9AA-519C802AA81E}.Debug|Any CPU.ActiveCfg = Debug|Any CPU
		{B344E178-81C7-4D33-B9AA-519C802AA81E}.Debug|Any CPU.Build.0 = Debug|Any CPU
		{B344E178-81C7-4D33-B9AA-519C802AA81E}.Release|Any CPU.ActiveCfg = Release|Any CPU
		{B344E178-81C7-4D33-B9AA-519C802AA81E}.Release|Any CPU.Build.0 = Release|Any CPU
	EndGlobalSection
	GlobalSection(SolutionProperties) = preSolution
		HideSolutionNode = FALSE
	EndGlobalSection
EndGlobal
